
Microsoft Visual Studio Solution File, Format Version 12.00
# Visual Studio Version 17
VisualStudioVersion = 17.5.33424.131
MinimumVisualStudioVersion = 10.0.40219.1
Project("{FAE04EC0-301F-11D3-BF4B-00C04F79EFBC}") = "B23 Ex02 TalKoren 312498520 SnirBabi 204264071", "B23 Ex02 TalKoren 312498520 SnirBabi 204264071\B23 Ex02 TalKoren 312498520 SnirBabi 204264071.csproj", "{3AD4EBD8-AABF-4D24-B19A-2A732F749A68}"
EndProject
Global
	GlobalSection(SolutionConfigurationPlatforms) = preSolution
		Debug|Any CPU = Debug|Any CPU
		Release|Any CPU = Release|Any CPU
	EndGlobalSection
	GlobalSection(ProjectConfigurationPlatforms) = postSolution
		{3AD4EBD8-AABF-4D24-B19A-2A732F749A68}.Debug|Any CPU.ActiveCfg = Debug|Any CPU
		{3AD4EBD8-AABF-4D24-B19A-2A732F749A68}.Debug|Any CPU.Build.0 = Debug|Any CPU
		{3AD4EBD8-AABF-4D24-B19A-2A732F749A68}.Release|Any CPU.ActiveCfg = Release|Any CPU
		{3AD4EBD8-AABF-4D24-B19A-2A732F749A68}.Release|Any CPU.Build.0 = Release|Any CPU
	EndGlobalSection
	GlobalSection(SolutionProperties) = preSolution
		HideSolutionNode = FALSE
	EndGlobalSection
	GlobalSection(ExtensibilityGlobals) = postSolution
		SolutionGuid = {2A15EB67-6E81-4FDB-813B-9D251A3D2460}
	EndGlobalSection
EndGlobal
